// !$*UTF8*$!
{
	archiveVersion = 1;
	classes = {
	};
	objectVersion = 46;
	objects = {

/* Begin PBXBuildFile section */
		8B83104619C418C3007B2767 /* main.m in Sources */ = {isa = PBXBuildFile; fileRef = 8B83104519C418C3007B2767 /* main.m */; };
		8B83104919C418C3007B2767 /* AppDelegate.m in Sources */ = {isa = PBXBuildFile; fileRef = 8B83104819C418C3007B2767 /* AppDelegate.m */; };
		8B83104C19C418C3007B2767 /* ViewController.m in Sources */ = {isa = PBXBuildFile; fileRef = 8B83104B19C418C3007B2767 /* ViewController.m */; };
		8B83104F19C418C3007B2767 /* Main.storyboard in Resources */ = {isa = PBXBuildFile; fileRef = 8B83104D19C418C3007B2767 /* Main.storyboard */; };
		8B83105119C418C3007B2767 /* Images.xcassets in Resources */ = {isa = PBXBuildFile; fileRef = 8B83105019C418C3007B2767 /* Images.xcassets */; };
		8B83105419C418C3007B2767 /* LaunchScreen.xib in Resources */ = {isa = PBXBuildFile; fileRef = 8B83105219C418C3007B2767 /* LaunchScreen.xib */; };
		8B83106019C418C3007B2767 /* TRPieChartTests.m in Sources */ = {isa = PBXBuildFile; fileRef = 8B83105F19C418C3007B2767 /* TRPieChartTests.m */; };
		8B83106C19C419DC007B2767 /* TRPieChart.m in Sources */ = {isa = PBXBuildFile; fileRef = 8B83106B19C419DC007B2767 /* TRPieChart.m */; };
		8B83106E19C42923007B2767 /* TRPieChartView.xib in Resources */ = {isa = PBXBuildFile; fileRef = 8B83106D19C42923007B2767 /* TRPieChartView.xib */; };
		8B83107119C43323007B2767 /* TRPieChartView.m in Sources */ = {isa = PBXBuildFile; fileRef = 8B83107019C43323007B2767 /* TRPieChartView.m */; };
		8BCB5F0619C4778A00D4CBCA /* Icon-60.png in Resources */ = {isa = PBXBuildFile; fileRef = 8BCB5EF619C4778A00D4CBCA /* Icon-60.png */; };
		8BCB5F0719C4778A00D4CBCA /* Icon-60@2x.png in Resources */ = {isa = PBXBuildFile; fileRef = 8BCB5EF719C4778A00D4CBCA /* Icon-60@2x.png */; };
		8BCB5F0819C4778A00D4CBCA /* Icon-72.png in Resources */ = {isa = PBXBuildFile; fileRef = 8BCB5EF819C4778A00D4CBCA /* Icon-72.png */; };
		8BCB5F0919C4778A00D4CBCA /* Icon-72@2x.png in Resources */ = {isa = PBXBuildFile; fileRef = 8BCB5EF919C4778A00D4CBCA /* Icon-72@2x.png */; };
		8BCB5F0A19C4778A00D4CBCA /* Icon-76.png in Resources */ = {isa = PBXBuildFile; fileRef = 8BCB5EFA19C4778A00D4CBCA /* Icon-76.png */; };
		8BCB5F0B19C4778A00D4CBCA /* Icon-76@2x.png in Resources */ = {isa = PBXBuildFile; fileRef = 8BCB5EFB19C4778A00D4CBCA /* Icon-76@2x.png */; };
		8BCB5F0C19C4778A00D4CBCA /* Icon-Small-50.png in Resources */ = {isa = PBXBuildFile; fileRef = 8BCB5EFC19C4778A00D4CBCA /* Icon-Small-50.png */; };
		8BCB5F0D19C4778A00D4CBCA /* Icon-Small-50@2x.png in Resources */ = {isa = PBXBuildFile; fileRef = 8BCB5EFD19C4778A00D4CBCA /* Icon-Small-50@2x.png */; };
		8BCB5F0E19C4778A00D4CBCA /* Icon-Small.png in Resources */ = {isa = PBXBuildFile; fileRef = 8BCB5EFE19C4778A00D4CBCA /* Icon-Small.png */; };
		8BCB5F0F19C4778A00D4CBCA /* Icon-Small@2x.png in Resources */ = {isa = PBXBuildFile; fileRef = 8BCB5EFF19C4778A00D4CBCA /* Icon-Small@2x.png */; };
		8BCB5F1019C4778A00D4CBCA /* Icon-Spotlight-40.png in Resources */ = {isa = PBXBuildFile; fileRef = 8BCB5F0019C4778A00D4CBCA /* Icon-Spotlight-40.png */; };
		8BCB5F1119C4778A00D4CBCA /* Icon-Spotlight-40@2x.png in Resources */ = {isa = PBXBuildFile; fileRef = 8BCB5F0119C4778A00D4CBCA /* Icon-Spotlight-40@2x.png */; };
		8BCB5F1219C4778A00D4CBCA /* Icon.png in Resources */ = {isa = PBXBuildFile; fileRef = 8BCB5F0219C4778A00D4CBCA /* Icon.png */; };
		8BCB5F1319C4778A00D4CBCA /* Icon@2x.png in Resources */ = {isa = PBXBuildFile; fileRef = 8BCB5F0319C4778A00D4CBCA /* Icon@2x.png */; };
		8BCB5F1419C4778A00D4CBCA /* iTunesArtwork in Resources */ = {isa = PBXBuildFile; fileRef = 8BCB5F0419C4778A00D4CBCA /* iTunesArtwork */; };
		8BCB5F1519C4778A00D4CBCA /* iTunesArtwork@2x in Resources */ = {isa = PBXBuildFile; fileRef = 8BCB5F0519C4778A00D4CBCA /* iTunesArtwork@2x */; };
/* End PBXBuildFile section */

/* Begin PBXContainerItemProxy section */
		8B83105A19C418C3007B2767 /* PBXContainerItemProxy */ = {
			isa = PBXContainerItemProxy;
			containerPortal = 8B83103819C418C3007B2767 /* Project object */;
			proxyType = 1;
			remoteGlobalIDString = 8B83103F19C418C3007B2767;
			remoteInfo = TRPieChart;
		};
/* End PBXContainerItemProxy section */

/* Begin PBXFileReference section */
		8B83104019C418C3007B2767 /* TRPieChart.app */ = {isa = PBXFileReference; explicitFileType = wrapper.application; includeInIndex = 0; path = TRPieChart.app; sourceTree = BUILT_PRODUCTS_DIR; };
		8B83104419C418C3007B2767 /* Info.plist */ = {isa = PBXFileReference; lastKnownFileType = text.plist.xml; path = Info.plist; sourceTree = "<group>"; };
		8B83104519C418C3007B2767 /* main.m */ = {isa = PBXFileReference; lastKnownFileType = sourcecode.c.objc; path = main.m; sourceTree = "<group>"; };
		8B83104719C418C3007B2767 /* AppDelegate.h */ = {isa = PBXFileReference; lastKnownFileType = sourcecode.c.h; path = AppDelegate.h; sourceTree = "<group>"; };
		8B83104819C418C3007B2767 /* AppDelegate.m */ = {isa = PBXFileReference; lastKnownFileType = sourcecode.c.objc; path = AppDelegate.m; sourceTree = "<group>"; };
		8B83104A19C418C3007B2767 /* ViewController.h */ = {isa = PBXFileReference; lastKnownFileType = sourcecode.c.h; path = ViewController.h; sourceTree = "<group>"; };
		8B83104B19C418C3007B2767 /* ViewController.m */ = {isa = PBXFileReference; lastKnownFileType = sourcecode.c.objc; path = ViewController.m; sourceTree = "<group>"; };
		8B83104E19C418C3007B2767 /* Base */ = {isa = PBXFileReference; lastKnownFileType = file.storyboard; name = Base; path = Base.lproj/Main.storyboard; sourceTree = "<group>"; };
		8B83105019C418C3007B2767 /* Images.xcassets */ = {isa = PBXFileReference; lastKnownFileType = folder.assetcatalog; path = Images.xcassets; sourceTree = "<group>"; };
		8B83105319C418C3007B2767 /* Base */ = {isa = PBXFileReference; lastKnownFileType = file.xib; name = Base; path = Base.lproj/LaunchScreen.xib; sourceTree = "<group>"; };
		8B83105919C418C3007B2767 /* TRPieChartTests.xctest */ = {isa = PBXFileReference; explicitFileType = wrapper.cfbundle; includeInIndex = 0; path = TRPieChartTests.xctest; sourceTree = BUILT_PRODUCTS_DIR; };
		8B83105E19C418C3007B2767 /* Info.plist */ = {isa = PBXFileReference; lastKnownFileType = text.plist.xml; path = Info.plist; sourceTree = "<group>"; };
		8B83105F19C418C3007B2767 /* TRPieChartTests.m */ = {isa = PBXFileReference; lastKnownFileType = sourcecode.c.objc; path = TRPieChartTests.m; sourceTree = "<group>"; };
		8B83106A19C419DC007B2767 /* TRPieChart.h */ = {isa = PBXFileReference; fileEncoding = 4; lastKnownFileType = sourcecode.c.h; path = TRPieChart.h; sourceTree = "<group>"; };
		8B83106B19C419DC007B2767 /* TRPieChart.m */ = {isa = PBXFileReference; fileEncoding = 4; lastKnownFileType = sourcecode.c.objc; path = TRPieChart.m; sourceTree = "<group>"; };
		8B83106D19C42923007B2767 /* TRPieChartView.xib */ = {isa = PBXFileReference; fileEncoding = 4; lastKnownFileType = file.xib; path = TRPieChartView.xib; sourceTree = "<group>"; };
		8B83106F19C43323007B2767 /* TRPieChartView.h */ = {isa = PBXFileReference; fileEncoding = 4; lastKnownFileType = sourcecode.c.h; path = TRPieChartView.h; sourceTree = "<group>"; };
		8B83107019C43323007B2767 /* TRPieChartView.m */ = {isa = PBXFileReference; fileEncoding = 4; lastKnownFileType = sourcecode.c.objc; path = TRPieChartView.m; sourceTree = "<group>"; };
		8BCB5EF619C4778A00D4CBCA /* Icon-60.png */ = {isa = PBXFileReference; lastKnownFileType = image.png; path = "Icon-60.png"; sourceTree = "<group>"; };
		8BCB5EF719C4778A00D4CBCA /* Icon-60@2x.png */ = {isa = PBXFileReference; lastKnownFileType = image.png; path = "Icon-60@2x.png"; sourceTree = "<group>"; };
		8BCB5EF819C4778A00D4CBCA /* Icon-72.png */ = {isa = PBXFileReference; lastKnownFileType = image.png; path = "Icon-72.png"; sourceTree = "<group>"; };
		8BCB5EF919C4778A00D4CBCA /* Icon-72@2x.png */ = {isa = PBXFileReference; lastKnownFileType = image.png; path = "Icon-72@2x.png"; sourceTree = "<group>"; };
		8BCB5EFA19C4778A00D4CBCA /* Icon-76.png */ = {isa = PBXFileReference; lastKnownFileType = image.png; path = "Icon-76.png"; sourceTree = "<group>"; };
		8BCB5EFB19C4778A00D4CBCA /* Icon-76@2x.png */ = {isa = PBXFileReference; lastKnownFileType = image.png; path = "Icon-76@2x.png"; sourceTree = "<group>"; };
		8BCB5EFC19C4778A00D4CBCA /* Icon-Small-50.png */ = {isa = PBXFileReference; lastKnownFileType = image.png; path = "Icon-Small-50.png"; sourceTree = "<group>"; };
		8BCB5EFD19C4778A00D4CBCA /* Icon-Small-50@2x.png */ = {isa = PBXFileReference; lastKnownFileType = image.png; path = "Icon-Small-50@2x.png"; sourceTree = "<group>"; };
		8BCB5EFE19C4778A00D4CBCA /* Icon-Small.png */ = {isa = PBXFileReference; lastKnownFileType = image.png; path = "Icon-Small.png"; sourceTree = "<group>"; };
		8BCB5EFF19C4778A00D4CBCA /* Icon-Small@2x.png */ = {isa = PBXFileReference; lastKnownFileType = image.png; path = "Icon-Small@2x.png"; sourceTree = "<group>"; };
		8BCB5F0019C4778A00D4CBCA /* Icon-Spotlight-40.png */ = {isa = PBXFileReference; lastKnownFileType = image.png; path = "Icon-Spotlight-40.png"; sourceTree = "<group>"; };
		8BCB5F0119C4778A00D4CBCA /* Icon-Spotlight-40@2x.png */ = {isa = PBXFileReference; lastKnownFileType = image.png; path = "Icon-Spotlight-40@2x.png"; sourceTree = "<group>"; };
		8BCB5F0219C4778A00D4CBCA /* Icon.png */ = {isa = PBXFileReference; lastKnownFileType = image.png; path = Icon.png; sourceTree = "<group>"; };
		8BCB5F0319C4778A00D4CBCA /* Icon@2x.png */ = {isa = PBXFileReference; lastKnownFileType = image.png; path = "Icon@2x.png"; sourceTree = "<group>"; };
		8BCB5F0419C4778A00D4CBCA /* iTunesArtwork */ = {isa = PBXFileReference; lastKnownFileType = file; path = iTunesArtwork; sourceTree = "<group>"; };
		8BCB5F0519C4778A00D4CBCA /* iTunesArtwork@2x */ = {isa = PBXFileReference; lastKnownFileType = file; path = "iTunesArtwork@2x"; sourceTree = "<group>"; };
/* End PBXFileReference section */

/* Begin PBXFrameworksBuildPhase section */
		8B83103D19C418C3007B2767 /* Frameworks */ = {
			isa = PBXFrameworksBuildPhase;
			buildActionMask = 2147483647;
			files = (
			);
			runOnlyForDeploymentPostprocessing = 0;
		};
		8B83105619C418C3007B2767 /* Frameworks */ = {
			isa = PBXFrameworksBuildPhase;
			buildActionMask = 2147483647;
			files = (
			);
			runOnlyForDeploymentPostprocessing = 0;
		};
/* End PBXFrameworksBuildPhase section */

/* Begin PBXGroup section */
		8B83103719C418C3007B2767 = {
			isa = PBXGroup;
			children = (
				8B83104219C418C3007B2767 /* TRPieChart */,
				8B83105C19C418C3007B2767 /* TRPieChartTests */,
				8B83104119C418C3007B2767 /* Products */,
			);
			sourceTree = "<group>";
		};
		8B83104119C418C3007B2767 /* Products */ = {
			isa = PBXGroup;
			children = (
				8B83104019C418C3007B2767 /* TRPieChart.app */,
				8B83105919C418C3007B2767 /* TRPieChartTests.xctest */,
			);
			name = Products;
			sourceTree = "<group>";
		};
		8B83104219C418C3007B2767 /* TRPieChart */ = {
			isa = PBXGroup;
			children = (
				8B83106919C419BA007B2767 /* TRPIeChart */,
				8B83104719C418C3007B2767 /* AppDelegate.h */,
				8B83104819C418C3007B2767 /* AppDelegate.m */,
				8B83104A19C418C3007B2767 /* ViewController.h */,
				8B83104B19C418C3007B2767 /* ViewController.m */,
				8B83104D19C418C3007B2767 /* Main.storyboard */,
				8B83105019C418C3007B2767 /* Images.xcassets */,
				8B83105219C418C3007B2767 /* LaunchScreen.xib */,
				8BCB5EF519C4777600D4CBCA /* App Icon */,
				8B83104319C418C3007B2767 /* Supporting Files */,
			);
			path = TRPieChart;
			sourceTree = "<group>";
		};
		8B83104319C418C3007B2767 /* Supporting Files */ = {
			isa = PBXGroup;
			children = (
				8B83104419C418C3007B2767 /* Info.plist */,
				8B83104519C418C3007B2767 /* main.m */,
			);
			name = "Supporting Files";
			sourceTree = "<group>";
		};
		8B83105C19C418C3007B2767 /* TRPieChartTests */ = {
			isa = PBXGroup;
			children = (
				8B83105F19C418C3007B2767 /* TRPieChartTests.m */,
				8B83105D19C418C3007B2767 /* Supporting Files */,
			);
			path = TRPieChartTests;
			sourceTree = "<group>";
		};
		8B83105D19C418C3007B2767 /* Supporting Files */ = {
			isa = PBXGroup;
			children = (
				8B83105E19C418C3007B2767 /* Info.plist */,
			);
			name = "Supporting Files";
			sourceTree = "<group>";
		};
		8B83106919C419BA007B2767 /* TRPIeChart */ = {
			isa = PBXGroup;
			children = (
				8B83106A19C419DC007B2767 /* TRPieChart.h */,
				8B83106B19C419DC007B2767 /* TRPieChart.m */,
				8B83106F19C43323007B2767 /* TRPieChartView.h */,
				8B83107019C43323007B2767 /* TRPieChartView.m */,
				8B83106D19C42923007B2767 /* TRPieChartView.xib */,
			);
			name = TRPIeChart;
			sourceTree = "<group>";
		};
		8BCB5EF519C4777600D4CBCA /* App Icon */ = {
			isa = PBXGroup;
			children = (
				8BCB5EF619C4778A00D4CBCA /* Icon-60.png */,
				8BCB5EF719C4778A00D4CBCA /* Icon-60@2x.png */,
				8BCB5EF819C4778A00D4CBCA /* Icon-72.png */,
				8BCB5EF919C4778A00D4CBCA /* Icon-72@2x.png */,
				8BCB5EFA19C4778A00D4CBCA /* Icon-76.png */,
				8BCB5EFB19C4778A00D4CBCA /* Icon-76@2x.png */,
				8BCB5EFC19C4778A00D4CBCA /* Icon-Small-50.png */,
				8BCB5EFD19C4778A00D4CBCA /* Icon-Small-50@2x.png */,
				8BCB5EFE19C4778A00D4CBCA /* Icon-Small.png */,
				8BCB5EFF19C4778A00D4CBCA /* Icon-Small@2x.png */,
				8BCB5F0019C4778A00D4CBCA /* Icon-Spotlight-40.png */,
				8BCB5F0119C4778A00D4CBCA /* Icon-Spotlight-40@2x.png */,
				8BCB5F0219C4778A00D4CBCA /* Icon.png */,
				8BCB5F0319C4778A00D4CBCA /* Icon@2x.png */,
				8BCB5F0419C4778A00D4CBCA /* iTunesArtwork */,
				8BCB5F0519C4778A00D4CBCA /* iTunesArtwork@2x */,
			);
			name = "App Icon";
			sourceTree = "<group>";
		};
/* End PBXGroup section */

/* Begin PBXNativeTarget section */
		8B83103F19C418C3007B2767 /* TRPieChart */ = {
			isa = PBXNativeTarget;
			buildConfigurationList = 8B83106319C418C3007B2767 /* Build configuration list for PBXNativeTarget "TRPieChart" */;
			buildPhases = (
				8B83103C19C418C3007B2767 /* Sources */,
				8B83103D19C418C3007B2767 /* Frameworks */,
				8B83103E19C418C3007B2767 /* Resources */,
			);
			buildRules = (
			);
			dependencies = (
			);
			name = TRPieChart;
			productName = TRPieChart;
			productReference = 8B83104019C418C3007B2767 /* TRPieChart.app */;
			productType = "com.apple.product-type.application";
		};
		8B83105819C418C3007B2767 /* TRPieChartTests */ = {
			isa = PBXNativeTarget;
			buildConfigurationList = 8B83106619C418C3007B2767 /* Build configuration list for PBXNativeTarget "TRPieChartTests" */;
			buildPhases = (
				8B83105519C418C3007B2767 /* Sources */,
				8B83105619C418C3007B2767 /* Frameworks */,
				8B83105719C418C3007B2767 /* Resources */,
			);
			buildRules = (
			);
			dependencies = (
				8B83105B19C418C3007B2767 /* PBXTargetDependency */,
			);
			name = TRPieChartTests;
			productName = TRPieChartTests;
			productReference = 8B83105919C418C3007B2767 /* TRPieChartTests.xctest */;
			productType = "com.apple.product-type.bundle.unit-test";
		};
/* End PBXNativeTarget section */

/* Begin PBXProject section */
		8B83103819C418C3007B2767 /* Project object */ = {
			isa = PBXProject;
			attributes = {
				LastUpgradeCheck = 0600;
				ORGANIZATIONNAME = "Isaiah Turner";
				TargetAttributes = {
					8B83103F19C418C3007B2767 = {
						CreatedOnToolsVersion = 6.0;
					};
					8B83105819C418C3007B2767 = {
						CreatedOnToolsVersion = 6.0;
						TestTargetID = 8B83103F19C418C3007B2767;
					};
				};
			};
			buildConfigurationList = 8B83103B19C418C3007B2767 /* Build configuration list for PBXProject "TRPieChart" */;
			compatibilityVersion = "Xcode 3.2";
			developmentRegion = English;
			hasScannedForEncodings = 0;
			knownRegions = (
				en,
				Base,
			);
			mainGroup = 8B83103719C418C3007B2767;
			productRefGroup = 8B83104119C418C3007B2767 /* Products */;
			projectDirPath = "";
			projectRoot = "";
			targets = (
				8B83103F19C418C3007B2767 /* TRPieChart */,
				8B83105819C418C3007B2767 /* TRPieChartTests */,
			);
		};
/* End PBXProject section */

/* Begin PBXResourcesBuildPhase section */
		8B83103E19C418C3007B2767 /* Resources */ = {
			isa = PBXResourcesBuildPhase;
			buildActionMask = 2147483647;
			files = (
				8BCB5F1519C4778A00D4CBCA /* iTunesArtwork@2x in Resources */,
				8BCB5F1219C4778A00D4CBCA /* Icon.png in Resources */,
				8BCB5F1319C4778A00D4CBCA /* Icon@2x.png in Resources */,
				8BCB5F1019C4778A00D4CBCA /* Icon-Spotlight-40.png in Resources */,
				8BCB5F0619C4778A00D4CBCA /* Icon-60.png in Resources */,
				8B83106E19C42923007B2767 /* TRPieChartView.xib in Resources */,
				8BCB5F0C19C4778A00D4CBCA /* Icon-Small-50.png in Resources */,
				8BCB5F0E19C4778A00D4CBCA /* Icon-Small.png in Resources */,
				8BCB5F0919C4778A00D4CBCA /* Icon-72@2x.png in Resources */,
				8B83104F19C418C3007B2767 /* Main.storyboard in Resources */,
				8B83105419C418C3007B2767 /* LaunchScreen.xib in Resources */,
				8BCB5F1419C4778A00D4CBCA /* iTunesArtwork in Resources */,
				8BCB5F0D19C4778A00D4CBCA /* Icon-Small-50@2x.png in Resources */,
				8B83105119C418C3007B2767 /* Images.xcassets in Resources */,
				8BCB5F1119C4778A00D4CBCA /* Icon-Spotlight-40@2x.png in Resources */,
				8BCB5F0819C4778A00D4CBCA /* Icon-72.png in Resources */,
				8BCB5F0719C4778A00D4CBCA /* Icon-60@2x.png in Resources */,
				8BCB5F0B19C4778A00D4CBCA /* Icon-76@2x.png in Resources */,
				8BCB5F0A19C4778A00D4CBCA /* Icon-76.png in Resources */,
				8BCB5F0F19C4778A00D4CBCA /* Icon-Small@2x.png in Resources */,
			);
			runOnlyForDeploymentPostprocessing = 0;
		};
		8B83105719C418C3007B2767 /* Resources */ = {
			isa = PBXResourcesBuildPhase;
			buildActionMask = 2147483647;
			files = (
			);
			runOnlyForDeploymentPostprocessing = 0;
		};
/* End PBXResourcesBuildPhase section */

/* Begin PBXSourcesBuildPhase section */
		8B83103C19C418C3007B2767 /* Sources */ = {
			isa = PBXSourcesBuildPhase;
			buildActionMask = 2147483647;
			files = (
				8B83107119C43323007B2767 /* TRPieChartView.m in Sources */,
				8B83104C19C418C3007B2767 /* ViewController.m in Sources */,
				8B83106C19C419DC007B2767 /* TRPieChart.m in Sources */,
				8B83104919C418C3007B2767 /* AppDelegate.m in Sources */,
				8B83104619C418C3007B2767 /* main.m in Sources */,
			);
			runOnlyForDeploymentPostprocessing = 0;
		};
		8B83105519C418C3007B2767 /* Sources */ = {
			isa = PBXSourcesBuildPhase;
			buildActionMask = 2147483647;
			files = (
				8B83106019C418C3007B2767 /* TRPieChartTests.m in Sources */,
			);
			runOnlyForDeploymentPostprocessing = 0;
		};
/* End PBXSourcesBuildPhase section */

/* Begin PBXTargetDependency section */
		8B83105B19C418C3007B2767 /* PBXTargetDependency */ = {
			isa = PBXTargetDependency;
			target = 8B83103F19C418C3007B2767 /* TRPieChart */;
			targetProxy = 8B83105A19C418C3007B2767 /* PBXContainerItemProxy */;
		};
/* End PBXTargetDependency section */

/* Begin PBXVariantGroup section */
		8B83104D19C418C3007B2767 /* Main.storyboard */ = {
			isa = PBXVariantGroup;
			children = (
				8B83104E19C418C3007B2767 /* Base */,
			);
			name = Main.storyboard;
			sourceTree = "<group>";
		};
		8B83105219C418C3007B2767 /* LaunchScreen.xib */ = {
			isa = PBXVariantGroup;
			children = (
				8B83105319C418C3007B2767 /* Base */,
			);
			name = LaunchScreen.xib;
			sourceTree = "<group>";
		};
/* End PBXVariantGroup section */

/* Begin XCBuildConfiguration section */
		8B83106119C418C3007B2767 /* Debug */ = {
			isa = XCBuildConfiguration;
			buildSettings = {
				ALWAYS_SEARCH_USER_PATHS = NO;
				CLANG_CXX_LANGUAGE_STANDARD = "gnu++0x";
				CLANG_CXX_LIBRARY = "libc++";
				CLANG_ENABLE_MODULES = YES;
				CLANG_ENABLE_OBJC_ARC = YES;
				CLANG_WARN_BOOL_CONVERSION = YES;
				CLANG_WARN_CONSTANT_CONVERSION = YES;
				CLANG_WARN_DIRECT_OBJC_ISA_USAGE = YES_ERROR;
				CLANG_WARN_EMPTY_BODY = YES;
				CLANG_WARN_ENUM_CONVERSION = YES;
				CLANG_WARN_INT_CONVERSION = YES;
				CLANG_WARN_OBJC_ROOT_CLASS = YES_ERROR;
				CLANG_WARN_UNREACHABLE_CODE = YES;
				CLANG_WARN__DUPLICATE_METHOD_MATCH = YES;
				"CODE_SIGN_IDENTITY[sdk=iphoneos*]" = "iPhone Developer";
				COPY_PHASE_STRIP = NO;
				ENABLE_STRICT_OBJC_MSGSEND = YES;
				GCC_C_LANGUAGE_STANDARD = gnu99;
				GCC_DYNAMIC_NO_PIC = NO;
				GCC_OPTIMIZATION_LEVEL = 0;
				GCC_PREPROCESSOR_DEFINITIONS = (
					"DEBUG=1",
					"$(inherited)",
				);
				GCC_SYMBOLS_PRIVATE_EXTERN = NO;
				GCC_WARN_64_TO_32_BIT_CONVERSION = YES;
				GCC_WARN_ABOUT_RETURN_TYPE = YES_ERROR;
				GCC_WARN_UNDECLARED_SELECTOR = YES;
				GCC_WARN_UNINITIALIZED_AUTOS = YES_AGGRESSIVE;
				GCC_WARN_UNUSED_FUNCTION = YES;
				GCC_WARN_UNUSED_VARIABLE = YES;
				IPHONEOS_DEPLOYMENT_TARGET = 8.0;
				MTL_ENABLE_DEBUG_INFO = YES;
				ONLY_ACTIVE_ARCH = YES;
				SDKROOT = iphoneos;
			};
			name = Debug;
		};
		8B83106219C418C3007B2767 /* Release */ = {
			isa = XCBuildConfiguration;
			buildSettings = {
				ALWAYS_SEARCH_USER_PATHS = NO;
				CLANG_CXX_LANGUAGE_STANDARD = "gnu++0x";
				CLANG_CXX_LIBRARY = "libc++";
				CLANG_ENABLE_MODULES = YES;
				CLANG_ENABLE_OBJC_ARC = YES;
				CLANG_WARN_BOOL_CONVERSION = YES;
				CLANG_WARN_CONSTANT_CONVERSION = YES;
				CLANG_WARN_DIRECT_OBJC_ISA_USAGE = YES_ERROR;
				CLANG_WARN_EMPTY_BODY = YES;
				CLANG_WARN_ENUM_CONVERSION = YES;
				CLANG_WARN_INT_CONVERSION = YES;
				CLANG_WARN_OBJC_ROOT_CLASS = YES_ERROR;
				CLANG_WARN_UNREACHABLE_CODE = YES;
				CLANG_WARN__DUPLICATE_METHOD_MATCH = YES;
				"CODE_SIGN_IDENTITY[sdk=iphoneos*]" = "iPhone Developer";
				COPY_PHASE_STRIP = YES;
				ENABLE_NS_ASSERTIONS = NO;
				ENABLE_STRICT_OBJC_MSGSEND = YES;
				GCC_C_LANGUAGE_STANDARD = gnu99;
				GCC_WARN_64_TO_32_BIT_CONVERSION = YES;
				GCC_WARN_ABOUT_RETURN_TYPE = YES_ERROR;
				GCC_WARN_UNDECLARED_SELECTOR = YES;
				GCC_WARN_UNINITIALIZED_AUTOS = YES_AGGRESSIVE;
				GCC_WARN_UNUSED_FUNCTION = YES;
				GCC_WARN_UNUSED_VARIABLE = YES;
				IPHONEOS_DEPLOYMENT_TARGET = 8.0;
				MTL_ENABLE_DEBUG_INFO = NO;
				SDKROOT = iphoneos;
				VALIDATE_PRODUCT = YES;
			};
			name = Release;
		};
		8B83106419C418C3007B2767 /* Debug */ = {
			isa = XCBuildConfiguration;
			buildSettings = {
				ASSETCATALOG_COMPILER_APPICON_NAME = AppIcon;
				INFOPLIST_FILE = TRPieChart/Info.plist;
				LD_RUNPATH_SEARCH_PATHS = "$(inherited) @executable_path/Frameworks";
				PRODUCT_NAME = "$(TARGET_NAME)";
			};
			name = Debug;
		};
		8B83106519C418C3007B2767 /* Release */ = {
			isa = XCBuildConfiguration;
			buildSettings = {
				ASSETCATALOG_COMPILER_APPICON_NAME = AppIcon;
				INFOPLIST_FILE = TRPieChart/Info.plist;
				LD_RUNPATH_SEARCH_PATHS = "$(inherited) @executable_path/Frameworks";
				PRODUCT_NAME = "$(TARGET_NAME)";
			};
			name = Release;
		};
		8B83106719C418C3007B2767 /* Debug */ = {
			isa = XCBuildConfiguration;
			buildSettings = {
				BUNDLE_LOADER = "$(TEST_HOST)";
				FRAMEWORK_SEARCH_PATHS = (
					"$(SDKROOT)/Developer/Library/Frameworks",
					"$(inherited)",
				);
				GCC_PREPROCESSOR_DEFINITIONS = (
					"DEBUG=1",
					"$(inherited)",
				);
				INFOPLIST_FILE = TRPieChartTests/Info.plist;
				LD_RUNPATH_SEARCH_PATHS = "$(inherited) @executable_path/Frameworks @loader_path/Frameworks";
				PRODUCT_NAME = "$(TARGET_NAME)";
				TEST_HOST = "$(BUILT_PRODUCTS_DIR)/TRPieChart.app/TRPieChart";
			};
			name = Debug;
		};
		8B83106819C418C3007B2767 /* Release */ = {
			isa = XCBuildConfiguration;
			buildSettings = {
				BUNDLE_LOADER = "$(TEST_HOST)";
				FRAMEWORK_SEARCH_PATHS = (
					"$(SDKROOT)/Developer/Library/Frameworks",
					"$(inherited)",
				);
				INFOPLIST_FILE = TRPieChartTests/Info.plist;
				LD_RUNPATH_SEARCH_PATHS = "$(inherited) @executable_path/Frameworks @loader_path/Frameworks";
				PRODUCT_NAME = "$(TARGET_NAME)";
				TEST_HOST = "$(BUILT_PRODUCTS_DIR)/TRPieChart.app/TRPieChart";
			};
			name = Release;
		};
/* End XCBuildConfiguration section */

/* Begin XCConfigurationList section */
		8B83103B19C418C3007B2767 /* Build configuration list for PBXProject "TRPieChart" */ = {
			isa = XCConfigurationList;
			buildConfigurations = (
				8B83106119C418C3007B2767 /* Debug */,
				8B83106219C418C3007B2767 /* Release */,
			);
			defaultConfigurationIsVisible = 0;
			defaultConfigurationName = Release;
		};
		8B83106319C418C3007B2767 /* Build configuration list for PBXNativeTarget "TRPieChart" */ = {
			isa = XCConfigurationList;
			buildConfigurations = (
				8B83106419C418C3007B2767 /* Debug */,
				8B83106519C418C3007B2767 /* Release */,
			);
			defaultConfigurationIsVisible = 0;
			defaultConfigurationName = Release;
		};
		8B83106619C418C3007B2767 /* Build configuration list for PBXNativeTarget "TRPieChartTests" */ = {
			isa = XCConfigurationList;
			buildConfigurations = (
				8B83106719C418C3007B2767 /* Debug */,
				8B83106819C418C3007B2767 /* Release */,
			);
			defaultConfigurationIsVisible = 0;
			defaultConfigurationName = Release;
		};
/* End XCConfigurationList section */
	};
	rootObject = 8B83103819C418C3007B2767 /* Project object */;
}
